codeberg.org/reiver/go-erorr v0.0.0-20260414214747-7b76f85a93ac h1:Rf1Y1tEmk+jU/ePubSv5KSkb7smImaDH7ZAff2TEy80=
codeberg.org/reiver/go-erorr v0.0.0-20260414214747-7b76f85a93ac/go.mod h1:yAWy5VHI6xaVFUcCEote+Zp4cgUNtYLhgwzpRXXv9ps=
codeberg.org/reiver/go-field v0.0.0-20260414030601-d901062f0b09 h1:LzvEazstwY7uljtWGgubz2a/H4Vk65BR9Y63VLXE8M0=
codeberg.org/reiver/go-field v0.0.0-20260414030601-d901062f0b09/go.mod h1:752EzuARz/8LnYzfPcxBFIIKstqok9fyTUmi5qnjn+Q=
github.com/reiver/go-calltrace v0.0.0-20251216205616-3931a8c7b154 h1:3w3kacKCTHArAMZenoEO2qssZzJiQ9G8ZJgEvKerbuE=
github.com/reiver/go-calltrace v0.0.0-20251216205616-3931a8c7b154/go.mod h1:b9j4dbN++ed+soAS/+wSCZ+OsZSm3CWiuzxps8nzkew=
github.com/reiver/go-json v0.0.0-20260714164213-3d1bc4188d67 h1:BPPXAREmSq2kiNaypduMXdFFlWLzSBvs/7dYrkIhPvE=
github.com/reiver/go-json v0.0.0-20260714164213-3d1bc4188d67/go.mod h1:qMD0W9NHEWpG/R8OAd9KPOfUrgp+pkDgZJ7n+zPCeF8=
github.com/reiver/go-lck v0.0.0-20260714162848-fa7e7ed97bab h1:Q8q54RM+RA1CaNuvYC+r1UhI5V3IBFiMyd7oDQz2XdQ=
github.com/reiver/go-lck v0.0.0-20260714162848-fa7e7ed97bab/go.mod h1:PFseSi8S0CBkc+YB6jYWtogPk83LumclnYJZZBQJJhs=
golang.org/x/exp v0.0.0-20251125195548-87e1e737ad39 h1:DHNhtq3sNNzrvduZZIiFyXWOL9IWaDPHqTnLJp+rCBY=
golang.org/x/exp v0.0.0-20251125195548-87e1e737ad39/go.mod h1:46edojNIoXTNOhySWIWdix628clX9ODXwPsQuG6hsK0=
